// !$*UTF8*$!
{
	archiveVersion = 1;
	classes = {
	};
	objectVersion = 50;
	objects = {

/* Begin PBXBuildFile section */
		6A2679E5225CD76900517032 /* AppDelegate.swift in Sources */ = {isa = PBXBuildFile; fileRef = 6A2679E4225CD76900517032 /* AppDelegate.swift */; };
		6A2679E7225CD76900517032 /* ViewController.swift in Sources */ = {isa = PBXBuildFile; fileRef = 6A2679E6225CD76900517032 /* ViewController.swift */; };
		6A2679EA225CD76900517032 /* Main.storyboard in Resources */ = {isa = PBXBuildFile; fileRef = 6A2679E8225CD76900517032 /* Main.storyboard */; };
		6A2679EC225CD76B00517032 /* Assets.xcassets in Resources */ = {isa = PBXBuildFile; fileRef = 6A2679EB225CD76B00517032 /* Assets.xcassets */; };
		6A2679EF225CD76B00517032 /* LaunchScreen.storyboard in Resources */ = {isa = PBXBuildFile; fileRef = 6A2679ED225CD76B00517032 /* LaunchScreen.storyboard */; };
		6A2679F7225CDD5800517032 /* arya-stark.jpg in Resources */ = {isa = PBXBuildFile; fileRef = 6A2679F6225CDD5800517032 /* arya-stark.jpg */; };
		6A2679F9225CDD5B00517032 /* jon-snow.jpg in Resources */ = {isa = PBXBuildFile; fileRef = 6A2679F8225CDD5B00517032 /* jon-snow.jpg */; };
		6A2679FB225CE3E700517032 /* tyrion-lannister.jpg in Resources */ = {isa = PBXBuildFile; fileRef = 6A2679FA225CE3E700517032 /* tyrion-lannister.jpg */; };
/* End PBXBuildFile section */

/* Begin PBXFileReference section */
		6A2679E1225CD76900517032 /* InheritanceExample.app */ = {isa = PBXFileReference; explicitFileType = wrapper.application; includeInIndex = 0; path = InheritanceExample.app; sourceTree = BUILT_PRODUCTS_DIR; };
		6A2679E4225CD76900517032 /* AppDelegate.swift */ = {isa = PBXFileReference; lastKnownFileType = sourcecode.swift; path = AppDelegate.swift; sourceTree = "<group>"; };
		6A2679E6225CD76900517032 /* ViewController.swift */ = {isa = PBXFileReference; lastKnownFileType = sourcecode.swift; path = ViewController.swift; sourceTree = "<group>"; };
		6A2679E9225CD76900517032 /* Base */ = {isa = PBXFileReference; lastKnownFileType = file.storyboard; name = Base; path = Base.lproj/Main.storyboard; sourceTree = "<group>"; };
		6A2679EB225CD76B00517032 /* Assets.xcassets */ = {isa = PBXFileReference; lastKnownFileType = folder.assetcatalog; path = Assets.xcassets; sourceTree = "<group>"; };
		6A2679EE225CD76B00517032 /* Base */ = {isa = PBXFileReference; lastKnownFileType = file.storyboard; name = Base; path = Base.lproj/LaunchScreen.storyboard; sourceTree = "<group>"; };
		6A2679F0225CD76B00517032 /* Info.plist */ = {isa = PBXFileReference; lastKnownFileType = text.plist.xml; path = Info.plist; sourceTree = "<group>"; };
		6A2679F6225CDD5800517032 /* arya-stark.jpg */ = {isa = PBXFileReference; lastKnownFileType = image.jpeg; path = "arya-stark.jpg"; sourceTree = "<group>"; };
		6A2679F8225CDD5B00517032 /* jon-snow.jpg */ = {isa = PBXFileReference; lastKnownFileType = image.jpeg; path = "jon-snow.jpg"; sourceTree = "<group>"; };
		6A2679FA225CE3E700517032 /* tyrion-lannister.jpg */ = {isa = PBXFileReference; lastKnownFileType = image.jpeg; path = "tyrion-lannister.jpg"; sourceTree = "<group>"; };
/* End PBXFileReference section */

/* Begin PBXFrameworksBuildPhase section */
		6A2679DE225CD76900517032 /* Frameworks */ = {
			isa = PBXFrameworksBuildPhase;
			buildActionMask = 2147483647;
			files = (
			);
			runOnlyForDeploymentPostprocessing = 0;
		};
/* End PBXFrameworksBuildPhase section */

/* Begin PBXGroup section */
		6A2679D8225CD76900517032 = {
			isa = PBXGroup;
			children = (
				6A2679E3225CD76900517032 /* InheritanceExample */,
				6A2679E2225CD76900517032 /* Products */,
			);
			sourceTree = "<group>";
		};
		6A2679E2225CD76900517032 /* Products */ = {
			isa = PBXGroup;
			children = (
				6A2679E1225CD76900517032 /* InheritanceExample.app */,
			);
			name = Products;
			sourceTree = "<group>";
		};
		6A2679E3225CD76900517032 /* InheritanceExample */ = {
			isa = PBXGroup;
			children = (
				6A2679E4225CD76900517032 /* AppDelegate.swift */,
				6A2679E6225CD76900517032 /* ViewController.swift */,
				6A2679E8225CD76900517032 /* Main.storyboard */,
				6A2679EB225CD76B00517032 /* Assets.xcassets */,
				6A2679ED225CD76B00517032 /* LaunchScreen.storyboard */,
				6A2679F0225CD76B00517032 /* Info.plist */,
				6A2679F6225CDD5800517032 /* arya-stark.jpg */,
				6A2679F8225CDD5B00517032 /* jon-snow.jpg */,
				6A2679FA225CE3E700517032 /* tyrion-lannister.jpg */,
			);
			path = InheritanceExample;
			sourceTree = "<group>";
		};
/* End PBXGroup section */

/* Begin PBXNativeTarget section */
		6A2679E0225CD76900517032 /* InheritanceExample */ = {
			isa = PBXNativeTarget;
			buildConfigurationList = 6A2679F3225CD76B00517032 /* Build configuration list for PBXNativeTarget "InheritanceExample" */;
			buildPhases = (
				6A2679DD225CD76900517032 /* Sources */,
				6A2679DE225CD76900517032 /* Frameworks */,
				6A2679DF225CD76900517032 /* Resources */,
			);
			buildRules = (
			);
			dependencies = (
			);
			name = InheritanceExample;
			productName = InheritanceExample;
			productReference = 6A2679E1225CD76900517032 /* InheritanceExample.app */;
			productType = "com.apple.product-type.application";
		};
/* End PBXNativeTarget section */

/* Begin PBXProject section */
		6A2679D9225CD76900517032 /* Project object */ = {
			isa = PBXProject;
			attributes = {
				LastSwiftUpdateCheck = 1020;
				LastUpgradeCheck = 1020;
				ORGANIZATIONNAME = "Line Break, LLC";
				TargetAttributes = {
					6A2679E0225CD76900517032 = {
						CreatedOnToolsVersion = 10.2;
					};
				};
			};
			buildConfigurationList = 6A2679DC225CD76900517032 /* Build configuration list for PBXProject "InheritanceExample" */;
			compatibilityVersion = "Xcode 9.3";
			developmentRegion = en;
			hasScannedForEncodings = 0;
			knownRegions = (
				en,
				Base,
			);
			mainGroup = 6A2679D8225CD76900517032;
			productRefGroup = 6A2679E2225CD76900517032 /* Products */;
			projectDirPath = "";
			projectRoot = "";
			targets = (
				6A2679E0225CD76900517032 /* InheritanceExample */,
			);
		};
/* End PBXProject section */

/* Begin PBXResourcesBuildPhase section */
		6A2679DF225CD76900517032 /* Resources */ = {
			isa = PBXResourcesBuildPhase;
			buildActionMask = 2147483647;
			files = (
				6A2679F7225CDD5800517032 /* arya-stark.jpg in Resources */,
				6A2679EF225CD76B00517032 /* LaunchScreen.storyboard in Resources */,
				6A2679F9225CDD5B00517032 /* jon-snow.jpg in Resources */,
				6A2679EC225CD76B00517032 /* Assets.xcassets in Resources */,
				6A2679EA225CD76900517032 /* Main.storyboard in Resources */,
				6A2679FB225CE3E700517032 /* tyrion-lannister.jpg in Resources */,
			);
			runOnlyForDeploymentPostprocessing = 0;
		};
/* End PBXResourcesBuildPhase section */

/* Begin PBXSourcesBuildPhase section */
		6A2679DD225CD76900517032 /* Sources */ = {
			isa = PBXSourcesBuildPhase;
			buildActionMask = 2147483647;
			files = (
				6A2679E7225CD76900517032 /* ViewController.swift in Sources */,
				6A2679E5225CD76900517032 /* AppDelegate.swift in Sources */,
			);
			runOnlyForDeploymentPostprocessing = 0;
		};
/* End PBXSourcesBuildPhase section */

/* Begin PBXVariantGroup section */
		6A2679E8225CD76900517032 /* Main.storyboard */ = {
			isa = PBXVariantGroup;
			children = (
				6A2679E9225CD76900517032 /* Base */,
			);
			name = Main.storyboard;
			sourceTree = "<group>";
		};
		6A2679ED225CD76B00517032 /* LaunchScreen.storyboard */ = {
			isa = PBXVariantGroup;
			children = (
				6A2679EE225CD76B00517032 /* Base */,
			);
			name = LaunchScreen.storyboard;
			sourceTree = "<group>";
		};
/* End PBXVariantGroup section */

/* Begin XCBuildConfiguration section */
		6A2679F1225CD76B00517032 /* Debug */ = {
			isa = XCBuildConfiguration;
			buildSettings = {
				ALWAYS_SEARCH_USER_PATHS = NO;
				CLANG_ANALYZER_NONNULL = YES;
				CLANG_ANALYZER_NUMBER_OBJECT_CONVERSION = YES_AGGRESSIVE;
				CLANG_CXX_LANGUAGE_STANDARD = "gnu++14";
				CLANG_CXX_LIBRARY = "libc++";
				CLANG_ENABLE_MODULES = YES;
				CLANG_ENABLE_OBJC_ARC = YES;
				CLANG_ENABLE_OBJC_WEAK = YES;
				CLANG_WARN_BLOCK_CAPTURE_AUTORELEASING = YES;
				CLANG_WARN_BOOL_CONVERSION = YES;
				CLANG_WARN_COMMA = YES;
				CLANG_WARN_CONSTANT_CONVERSION = YES;
				CLANG_WARN_DEPRECATED_OBJC_IMPLEMENTATIONS = YES;
				CLANG_WARN_DIRECT_OBJC_ISA_USAGE = YES_ERROR;
				CLANG_WARN_DOCUMENTATION_COMMENTS = YES;
				CLANG_WARN_EMPTY_BODY = YES;
				CLANG_WARN_ENUM_CONVERSION = YES;
				CLANG_WARN_INFINITE_RECURSION = YES;
				CLANG_WARN_INT_CONVERSION = YES;
				CLANG_WARN_NON_LITERAL_NULL_CONVERSION = YES;
				CLANG_WARN_OBJC_IMPLICIT_RETAIN_SELF = YES;
				CLANG_WARN_OBJC_LITERAL_CONVERSION = YES;
				CLANG_WARN_OBJC_ROOT_CLASS = YES_ERROR;
				CLANG_WARN_RANGE_LOOP_ANALYSIS = YES;
				CLANG_WARN_STRICT_PROTOTYPES = YES;
				CLANG_WARN_SUSPICIOUS_MOVE = YES;
				CLANG_WARN_UNGUARDED_AVAILABILITY = YES_AGGRESSIVE;
				CLANG_WARN_UNREACHABLE_CODE = YES;
				CLANG_WARN__DUPLICATE_METHOD_MATCH = YES;
				CODE_SIGN_IDENTITY = "iPhone Developer";
				COPY_PHASE_STRIP = NO;
				DEBUG_INFORMATION_FORMAT = dwarf;
				ENABLE_STRICT_OBJC_MSGSEND = YES;
				ENABLE_TESTABILITY = YES;
				GCC_C_LANGUAGE_STANDARD = gnu11;
				GCC_DYNAMIC_NO_PIC = NO;
				GCC_NO_COMMON_BLOCKS = YES;
				GCC_OPTIMIZATION_LEVEL = 0;
				GCC_PREPROCESSOR_DEFINITIONS = (
					"DEBUG=1",
					"$(inherited)",
				);
				GCC_WARN_64_TO_32_BIT_CONVERSION = YES;
				GCC_WARN_ABOUT_RETURN_TYPE = YES_ERROR;
				GCC_WARN_UNDECLARED_SELECTOR = YES;
				GCC_WARN_UNINITIALIZED_AUTOS = YES_AGGRESSIVE;
				GCC_WARN_UNUSED_FUNCTION = YES;
				GCC_WARN_UNUSED_VARIABLE = YES;
				IPHONEOS_DEPLOYMENT_TARGET = 12.2;
				MTL_ENABLE_DEBUG_INFO = INCLUDE_SOURCE;
				MTL_FAST_MATH = YES;
				ONLY_ACTIVE_ARCH = YES;
				SDKROOT = iphoneos;
				SWIFT_ACTIVE_COMPILATION_CONDITIONS = DEBUG;
				SWIFT_OPTIMIZATION_LEVEL = "-Onone";
			};
			name = Debug;
		};
		6A2679F2225CD76B00517032 /* Release */ = {
			isa = XCBuildConfiguration;
			buildSettings = {
				ALWAYS_SEARCH_USER_PATHS = NO;
				CLANG_ANALYZER_NONNULL = YES;
				CLANG_ANALYZER_NUMBER_OBJECT_CONVERSION = YES_AGGRESSIVE;
				CLANG_CXX_LANGUAGE_STANDARD = "gnu++14";
				CLANG_CXX_LIBRARY = "libc++";
				CLANG_ENABLE_MODULES = YES;
				CLANG_ENABLE_OBJC_ARC = YES;
				CLANG_ENABLE_OBJC_WEAK = YES;
				CLANG_WARN_BLOCK_CAPTURE_AUTORELEASING = YES;
				CLANG_WARN_BOOL_CONVERSION = YES;
				CLANG_WARN_COMMA = YES;
				CLANG_WARN_CONSTANT_CONVERSION = YES;
				CLANG_WARN_DEPRECATED_OBJC_IMPLEMENTATIONS = YES;
				CLANG_WARN_DIRECT_OBJC_ISA_USAGE = YES_ERROR;
				CLANG_WARN_DOCUMENTATION_COMMENTS = YES;
				CLANG_WARN_EMPTY_BODY = YES;
				CLANG_WARN_ENUM_CONVERSION = YES;
				CLANG_WARN_INFINITE_RECURSION = YES;
				CLANG_WARN_INT_CONVERSION = YES;
				CLANG_WARN_NON_LITERAL_NULL_CONVERSION = YES;
				CLANG_WARN_OBJC_IMPLICIT_RETAIN_SELF = YES;
				CLANG_WARN_OBJC_LITERAL_CONVERSION = YES;
				CLANG_WARN_OBJC_ROOT_CLASS = YES_ERROR;
				CLANG_WARN_RANGE_LOOP_ANALYSIS = YES;
				CLANG_WARN_STRICT_PROTOTYPES = YES;
				CLANG_WARN_SUSPICIOUS_MOVE = YES;
				CLANG_WARN_UNGUARDED_AVAILABILITY = YES_AGGRESSIVE;
				CLANG_WARN_UNREACHABLE_CODE = YES;
				CLANG_WARN__DUPLICATE_METHOD_MATCH = YES;
				CODE_SIGN_IDENTITY = "iPhone Developer";
				COPY_PHASE_STRIP = NO;
				DEBUG_INFORMATION_FORMAT = "dwarf-with-dsym";
				ENABLE_NS_ASSERTIONS = NO;
				ENABLE_STRICT_OBJC_MSGSEND = YES;
				GCC_C_LANGUAGE_STANDARD = gnu11;
				GCC_NO_COMMON_BLOCKS = YES;
				GCC_WARN_64_TO_32_BIT_CONVERSION = YES;
				GCC_WARN_ABOUT_RETURN_TYPE = YES_ERROR;
				GCC_WARN_UNDECLARED_SELECTOR = YES;
				GCC_WARN_UNINITIALIZED_AUTOS = YES_AGGRESSIVE;
				GCC_WARN_UNUSED_FUNCTION = YES;
				GCC_WARN_UNUSED_VARIABLE = YES;
				IPHONEOS_DEPLOYMENT_TARGET = 12.2;
				MTL_ENABLE_DEBUG_INFO = NO;
				MTL_FAST_MATH = YES;
				SDKROOT = iphoneos;
				SWIFT_COMPILATION_MODE = wholemodule;
				SWIFT_OPTIMIZATION_LEVEL = "-O";
				VALIDATE_PRODUCT = YES;
			};
			name = Release;
		};
		6A2679F4225CD76B00517032 /* Debug */ = {
			isa = XCBuildConfiguration;
			buildSettings = {
				ASSETCATALOG_COMPILER_APPICON_NAME = AppIcon;
				CODE_SIGN_STYLE = Automatic;
				DEVELOPMENT_TEAM = "";
				INFOPLIST_FILE = InheritanceExample/Info.plist;
				LD_RUNPATH_SEARCH_PATHS = (
					"$(inherited)",
					"@executable_path/Frameworks",
				);
				PRODUCT_BUNDLE_IDENTIFIER = com.mobilelabclass.InheritanceExample;
				PRODUCT_NAME = "$(TARGET_NAME)";
				SWIFT_VERSION = 5.0;
				TARGETED_DEVICE_FAMILY = "1,2";
			};
			name = Debug;
		};
		6A2679F5225CD76B00517032 /* Release */ = {
			isa = XCBuildConfiguration;
			buildSettings = {
				ASSETCATALOG_COMPILER_APPICON_NAME = AppIcon;
				CODE_SIGN_STYLE = Automatic;
				DEVELOPMENT_TEAM = "";
				INFOPLIST_FILE = InheritanceExample/Info.plist;
				LD_RUNPATH_SEARCH_PATHS = (
					"$(inherited)",
					"@executable_path/Frameworks",
				);
				PRODUCT_BUNDLE_IDENTIFIER = com.mobilelabclass.InheritanceExample;
				PRODUCT_NAME = "$(TARGET_NAME)";
				SWIFT_VERSION = 5.0;
				TARGETED_DEVICE_FAMILY = "1,2";
			};
			name = Release;
		};
/* End XCBuildConfiguration section */

/* Begin XCConfigurationList section */
		6A2679DC225CD76900517032 /* Build configuration list for PBXProject "InheritanceExample" */ = {
			isa = XCConfigurationList;
			buildConfigurations = (
				6A2679F1225CD76B00517032 /* Debug */,
				6A2679F2225CD76B00517032 /* Release */,
			);
			defaultConfigurationIsVisible = 0;
			defaultConfigurationName = Release;
		};
		6A2679F3225CD76B00517032 /* Build configuration list for PBXNativeTarget "InheritanceExample" */ = {
			isa = XCConfigurationList;
			buildConfigurations = (
				6A2679F4225CD76B00517032 /* Debug */,
				6A2679F5225CD76B00517032 /* Release */,
			);
			defaultConfigurationIsVisible = 0;
			defaultConfigurationName = Release;
		};
/* End XCConfigurationList section */
	};
	rootObject = 6A2679D9225CD76900517032 /* Project object */;
}
